
Microsoft Visual Studio Solution File, Format Version 12.00
# Visual Studio 15
VisualStudioVersion = 15.0.27128.1
MinimumVisualStudioVersion = 10.0.40219.1
Project("{9A19103F-16F7-4668-BE54-9A1E7A4F7556}") = "TicTacToe", "TicTacToe\TicTacToe.csproj", "{81BB25A9-D7CE-4BA8-97E9-2232B3C11CE9}"
EndProject
Project("{9A19103F-16F7-4668-BE54-9A1E7A4F7556}") = "TicTacToe.Console", "TicTacToe.Console\TicTacToe.Console.csproj", "{EC9E7C9A-77F6-4874-8A6A-4BD1339125E8}"
EndProject
Project("{FAE04EC0-301F-11D3-BF4B-00C04F79EFBC}") = "TicTacToe.Tests", "TicTacToe.Tests\TicTacToe.Tests.csproj", "{A6A1038E-228C-438A-BF0E-F20722D85A31}"
EndProject
Project("{FAE04EC0-301F-11D3-BF4B-00C04F79EFBC}") = "TicTacToe.Console.Tests", "TicTacToe.Console.Tests\TicTacToe.Console.Tests.csproj", "{2E3DF5C2-8A38-4A03-86D7-8D463C917E47}"
EndProject
Global
	GlobalSection(SolutionConfigurationPlatforms) = preSolution
		Debug|Any CPU = Debug|Any CPU
		Release|Any CPU = Release|Any CPU
	EndGlobalSection
	GlobalSection(ProjectConfigurationPlatforms) = postSolution
		{81BB25A9-D7CE-4BA8-97E9-2232B3C11CE9}.Debug|Any CPU.ActiveCfg = Debug|Any CPU
		{81BB25A9-D7CE-4BA8-97E9-2232B3C11CE9}.Debug|Any CPU.Build.0 = Debug|Any CPU
		{81BB25A9-D7CE-4BA8-97E9-2232B3C11CE9}.Release|Any CPU.ActiveCfg = Release|Any CPU
		{81BB25A9-D7CE-4BA8-97E9-2232B3C11CE9}.Release|Any CPU.Build.0 = Release|Any CPU
		{EC9E7C9A-77F6-4874-8A6A-4BD1339125E8}.Debug|Any CPU.ActiveCfg = Debug|Any CPU
		{EC9E7C9A-77F6-4874-8A6A-4BD1339125E8}.Debug|Any CPU.Build.0 = Debug|Any CPU
		{EC9E7C9A-77F6-4874-8A6A-4BD1339125E8}.Release|Any CPU.ActiveCfg = Release|Any CPU
		{EC9E7C9A-77F6-4874-8A6A-4BD1339125E8}.Release|Any CPU.Build.0 = Release|Any CPU
		{A6A1038E-228C-438A-BF0E-F20722D85A31}.Debug|Any CPU.ActiveCfg = Debug|Any CPU
		{A6A1038E-228C-438A-BF0E-F20722D85A31}.Debug|Any CPU.Build.0 = Debug|Any CPU
		{A6A1038E-228C-438A-BF0E-F20722D85A31}.Release|Any CPU.ActiveCfg = Release|Any CPU
		{A6A1038E-228C-438A-BF0E-F20722D85A31}.Release|Any CPU.Build.0 = Release|Any CPU
		{2E3DF5C2-8A38-4A03-86D7-8D463C917E47}.Debug|Any CPU.ActiveCfg = Debug|Any CPU
		{2E3DF5C2-8A38-4A03-86D7-8D463C917E47}.Debug|Any CPU.Build.0 = Debug|Any CPU
		{2E3DF5C2-8A38-4A03-86D7-8D463C917E47}.Release|Any CPU.ActiveCfg = Release|Any CPU
		{2E3DF5C2-8A38-4A03-86D7-8D463C917E47}.Release|Any CPU.Build.0 = Release|Any CPU
	EndGlobalSection
	GlobalSection(SolutionProperties) = preSolution
		HideSolutionNode = FALSE
	EndGlobalSection
	GlobalSection(ExtensibilityGlobals) = postSolution
		SolutionGuid = {E4085CE6-BA80-4E9F-A6AD-AE212D1B3C08}
	EndGlobalSection
EndGlobal
